// !$*UTF8*$!
{
	archiveVersion = 1;
	classes = {
	};
	objectVersion = 50;
	objects = {

/* Begin PBXBuildFile section */
		3D534FE2220584B000594F6E /* AppDelegate.m in Sources */ = {isa = PBXBuildFile; fileRef = 3D534FE1220584B000594F6E /* AppDelegate.m */; };
		3D534FE5220584B000594F6E /* ViewController.m in Sources */ = {isa = PBXBuildFile; fileRef = 3D534FE4220584B000594F6E /* ViewController.m */; };
		3D534FE8220584B000594F6E /* Main.storyboard in Resources */ = {isa = PBXBuildFile; fileRef = 3D534FE6220584B000594F6E /* Main.storyboard */; };
		3D534FEA220584B200594F6E /* Assets.xcassets in Resources */ = {isa = PBXBuildFile; fileRef = 3D534FE9220584B200594F6E /* Assets.xcassets */; };
		3D534FED220584B200594F6E /* LaunchScreen.storyboard in Resources */ = {isa = PBXBuildFile; fileRef = 3D534FEB220584B200594F6E /* LaunchScreen.storyboard */; };
		3D534FF0220584B200594F6E /* main.m in Sources */ = {isa = PBXBuildFile; fileRef = 3D534FEF220584B200594F6E /* main.m */; };
		CD419379880B2377A6FC20BB /* libPods-Bajie.a in Frameworks */ = {isa = PBXBuildFile; fileRef = 74B8EE75CB0A9360AC9CA4B7 /* libPods-Bajie.a */; };
/* End PBXBuildFile section */

/* Begin PBXFileReference section */
		3D534FDD220584B000594F6E /* Bajie.app */ = {isa = PBXFileReference; explicitFileType = wrapper.application; includeInIndex = 0; path = Bajie.app; sourceTree = BUILT_PRODUCTS_DIR; };
		3D534FE0220584B000594F6E /* AppDelegate.h */ = {isa = PBXFileReference; lastKnownFileType = sourcecode.c.h; path = AppDelegate.h; sourceTree = "<group>"; };
		3D534FE1220584B000594F6E /* AppDelegate.m */ = {isa = PBXFileReference; lastKnownFileType = sourcecode.c.objc; path = AppDelegate.m; sourceTree = "<group>"; };
		3D534FE3220584B000594F6E /* ViewController.h */ = {isa = PBXFileReference; lastKnownFileType = sourcecode.c.h; path = ViewController.h; sourceTree = "<group>"; };
		3D534FE4220584B000594F6E /* ViewController.m */ = {isa = PBXFileReference; lastKnownFileType = sourcecode.c.objc; path = ViewController.m; sourceTree = "<group>"; };
		3D534FE7220584B000594F6E /* Base */ = {isa = PBXFileReference; lastKnownFileType = file.storyboard; name = Base; path = Base.lproj/Main.storyboard; sourceTree = "<group>"; };
		3D534FE9220584B200594F6E /* Assets.xcassets */ = {isa = PBXFileReference; lastKnownFileType = folder.assetcatalog; path = Assets.xcassets; sourceTree = "<group>"; };
		3D534FEC220584B200594F6E /* Base */ = {isa = PBXFileReference; lastKnownFileType = file.storyboard; name = Base; path = Base.lproj/LaunchScreen.storyboard; sourceTree = "<group>"; };
		3D534FEE220584B200594F6E /* Info.plist */ = {isa = PBXFileReference; lastKnownFileType = text.plist.xml; path = Info.plist; sourceTree = "<group>"; };
		3D534FEF220584B200594F6E /* main.m */ = {isa = PBXFileReference; lastKnownFileType = sourcecode.c.objc; path = main.m; sourceTree = "<group>"; };
		4DD2E4A7F8E03376FE5517B1 /* Pods-Bajie.release.xcconfig */ = {isa = PBXFileReference; includeInIndex = 1; lastKnownFileType = text.xcconfig; name = "Pods-Bajie.release.xcconfig"; path = "Target Support Files/Pods-Bajie/Pods-Bajie.release.xcconfig"; sourceTree = "<group>"; };
		74B8EE75CB0A9360AC9CA4B7 /* libPods-Bajie.a */ = {isa = PBXFileReference; explicitFileType = archive.ar; includeInIndex = 0; path = "libPods-Bajie.a"; sourceTree = BUILT_PRODUCTS_DIR; };
		C75C5ACDAA072B438F12CA3B /* Pods-Bajie.debug.xcconfig */ = {isa = PBXFileReference; includeInIndex = 1; lastKnownFileType = text.xcconfig; name = "Pods-Bajie.debug.xcconfig"; path = "Target Support Files/Pods-Bajie/Pods-Bajie.debug.xcconfig"; sourceTree = "<group>"; };
/* End PBXFileReference section */

/* Begin PBXFrameworksBuildPhase section */
		3D534FDA220584B000594F6E /* Frameworks */ = {
			isa = PBXFrameworksBuildPhase;
			buildActionMask = 2147483647;
			files = (
				CD419379880B2377A6FC20BB /* libPods-Bajie.a in Frameworks */,
			);
			runOnlyForDeploymentPostprocessing = 0;
		};
/* End PBXFrameworksBuildPhase section */

/* Begin PBXGroup section */
		3D534FD4220584B000594F6E = {
			isa = PBXGroup;
			children = (
				3D534FDF220584B000594F6E /* Bajie */,
				3D534FDE220584B000594F6E /* Products */,
				9EA3D671697289B1B130456B /* Pods */,
				638CC2E11AF45DC9E3EA0C33 /* Frameworks */,
			);
			sourceTree = "<group>";
		};
		3D534FDE220584B000594F6E /* Products */ = {
			isa = PBXGroup;
			children = (
				3D534FDD220584B000594F6E /* Bajie.app */,
			);
			name = Products;
			sourceTree = "<group>";
		};
		3D534FDF220584B000594F6E /* Bajie */ = {
			isa = PBXGroup;
			children = (
				3D534FE0220584B000594F6E /* AppDelegate.h */,
				3D534FE1220584B000594F6E /* AppDelegate.m */,
				3D534FE3220584B000594F6E /* ViewController.h */,
				3D534FE4220584B000594F6E /* ViewController.m */,
				3D534FE6220584B000594F6E /* Main.storyboard */,
				3D534FE9220584B200594F6E /* Assets.xcassets */,
				3D534FEB220584B200594F6E /* LaunchScreen.storyboard */,
				3D534FEE220584B200594F6E /* Info.plist */,
				3D534FEF220584B200594F6E /* main.m */,
			);
			path = Bajie;
			sourceTree = "<group>";
		};
		638CC2E11AF45DC9E3EA0C33 /* Frameworks */ = {
			isa = PBXGroup;
			children = (
				74B8EE75CB0A9360AC9CA4B7 /* libPods-Bajie.a */,
			);
			name = Frameworks;
			sourceTree = "<group>";
		};
		9EA3D671697289B1B130456B /* Pods */ = {
			isa = PBXGroup;
			children = (
				C75C5ACDAA072B438F12CA3B /* Pods-Bajie.debug.xcconfig */,
				4DD2E4A7F8E03376FE5517B1 /* Pods-Bajie.release.xcconfig */,
			);
			name = Pods;
			path = Pods;
			sourceTree = "<group>";
		};
/* End PBXGroup section */

/* Begin PBXNativeTarget section */
		3D534FDC220584B000594F6E /* Bajie */ = {
			isa = PBXNativeTarget;
			buildConfigurationList = 3D534FF3220584B200594F6E /* Build configuration list for PBXNativeTarget "Bajie" */;
			buildPhases = (
				AE1030B1CFC1301452AC52EE /* [CP] Check Pods Manifest.lock */,
				3D534FD9220584B000594F6E /* Sources */,
				3D534FDA220584B000594F6E /* Frameworks */,
				3D534FDB220584B000594F6E /* Resources */,
				A35D1CD27B51E5E871004A26 /* [CP] Copy Pods Resources */,
			);
			buildRules = (
			);
			dependencies = (
			);
			name = Bajie;
			productName = Bajie;
			productReference = 3D534FDD220584B000594F6E /* Bajie.app */;
			productType = "com.apple.product-type.application";
		};
/* End PBXNativeTarget section */

/* Begin PBXProject section */
		3D534FD5220584B000594F6E /* Project object */ = {
			isa = PBXProject;
			attributes = {
				LastUpgradeCheck = 1010;
				ORGANIZATIONNAME = Sunmingming;
				TargetAttributes = {
					3D534FDC220584B000594F6E = {
						CreatedOnToolsVersion = 10.1;
					};
				};
			};
			buildConfigurationList = 3D534FD8220584B000594F6E /* Build configuration list for PBXProject "Bajie" */;
			compatibilityVersion = "Xcode 9.3";
			developmentRegion = en;
			hasScannedForEncodings = 0;
			knownRegions = (
				en,
				Base,
			);
			mainGroup = 3D534FD4220584B000594F6E;
			productRefGroup = 3D534FDE220584B000594F6E /* Products */;
			projectDirPath = "";
			projectRoot = "";
			targets = (
				3D534FDC220584B000594F6E /* Bajie */,
			);
		};
/* End PBXProject section */

/* Begin PBXResourcesBuildPhase section */
		3D534FDB220584B000594F6E /* Resources */ = {
			isa = PBXResourcesBuildPhase;
			buildActionMask = 2147483647;
			files = (
				3D534FED220584B200594F6E /* LaunchScreen.storyboard in Resources */,
				3D534FEA220584B200594F6E /* Assets.xcassets in Resources */,
				3D534FE8220584B000594F6E /* Main.storyboard in Resources */,
			);
			runOnlyForDeploymentPostprocessing = 0;
		};
/* End PBXResourcesBuildPhase section */

/* Begin PBXShellScriptBuildPhase section */
		A35D1CD27B51E5E871004A26 /* [CP] Copy Pods Resources */ = {
			isa = PBXShellScriptBuildPhase;
			buildActionMask = 2147483647;
			files = (
			);
			inputFileListPaths = (
			);
			inputPaths = (
				"${PODS_ROOT}/Target Support Files/Pods-Bajie/Pods-Bajie-resources.sh",
				"${PODS_ROOT}/AVOSCloud/AVOS/AVOSCloud/AVOSCloud_Art.inc",
				"${PODS_ROOT}/FlatUIKit/Resources/flat-ui-icons-regular.ttf",
				"${PODS_ROOT}/FlatUIKit/Resources/Lato-Bold.ttf",
				"${PODS_ROOT}/FlatUIKit/Resources/Lato-Italic.ttf",
				"${PODS_ROOT}/FlatUIKit/Resources/Lato-Light.ttf",
				"${PODS_ROOT}/FlatUIKit/Resources/Lato-Regular.ttf",
				"${PODS_ROOT}/MJRefresh/MJRefresh/MJRefresh.bundle",
				"${PODS_ROOT}/SVProgressHUD/SVProgressHUD/SVProgressHUD.bundle",
			);
			name = "[CP] Copy Pods Resources";
			outputFileListPaths = (
			);
			outputPaths = (
				"${TARGET_BUILD_DIR}/${UNLOCALIZED_RESOURCES_FOLDER_PATH}/AVOSCloud_Art.inc",
				"${TARGET_BUILD_DIR}/${UNLOCALIZED_RESOURCES_FOLDER_PATH}/flat-ui-icons-regular.ttf",
				"${TARGET_BUILD_DIR}/${UNLOCALIZED_RESOURCES_FOLDER_PATH}/Lato-Bold.ttf",
				"${TARGET_BUILD_DIR}/${UNLOCALIZED_RESOURCES_FOLDER_PATH}/Lato-Italic.ttf",
				"${TARGET_BUILD_DIR}/${UNLOCALIZED_RESOURCES_FOLDER_PATH}/Lato-Light.ttf",
				"${TARGET_BUILD_DIR}/${UNLOCALIZED_RESOURCES_FOLDER_PATH}/Lato-Regular.ttf",
				"${TARGET_BUILD_DIR}/${UNLOCALIZED_RESOURCES_FOLDER_PATH}/MJRefresh.bundle",
				"${TARGET_BUILD_DIR}/${UNLOCALIZED_RESOURCES_FOLDER_PATH}/SVProgressHUD.bundle",
			);
			runOnlyForDeploymentPostprocessing = 0;
			shellPath = /bin/sh;
			shellScript = "\"${PODS_ROOT}/Target Support Files/Pods-Bajie/Pods-Bajie-resources.sh\"\n";
			showEnvVarsInLog = 0;
		};
		AE1030B1CFC1301452AC52EE /* [CP] Check Pods Manifest.lock */ = {
			isa = PBXShellScriptBuildPhase;
			buildActionMask = 2147483647;
			files = (
			);
			inputFileListPaths = (
			);
			inputPaths = (
				"${PODS_PODFILE_DIR_PATH}/Podfile.lock",
				"${PODS_ROOT}/Manifest.lock",
			);
			name = "[CP] Check Pods Manifest.lock";
			outputFileListPaths = (
			);
			outputPaths = (
				"$(DERIVED_FILE_DIR)/Pods-Bajie-checkManifestLockResult.txt",
			);
			runOnlyForDeploymentPostprocessing = 0;
			shellPath = /bin/sh;
			shellScript = "diff \"${PODS_PODFILE_DIR_PATH}/Podfile.lock\" \"${PODS_ROOT}/Manifest.lock\" > /dev/null\nif [ $? != 0 ] ; then\n    # print error to STDERR\n    echo \"error: The sandbox is not in sync with the Podfile.lock. Run 'pod install' or update your CocoaPods installation.\" >&2\n    exit 1\nfi\n# This output is used by Xcode 'outputs' to avoid re-running this script phase.\necho \"SUCCESS\" > \"${SCRIPT_OUTPUT_FILE_0}\"\n";
			showEnvVarsInLog = 0;
		};
/* End PBXShellScriptBuildPhase section */

/* Begin PBXSourcesBuildPhase section */
		3D534FD9220584B000594F6E /* Sources */ = {
			isa = PBXSourcesBuildPhase;
			buildActionMask = 2147483647;
			files = (
				3D534FE5220584B000594F6E /* ViewController.m in Sources */,
				3D534FF0220584B200594F6E /* main.m in Sources */,
				3D534FE2220584B000594F6E /* AppDelegate.m in Sources */,
			);
			runOnlyForDeploymentPostprocessing = 0;
		};
/* End PBXSourcesBuildPhase section */

/* Begin PBXVariantGroup section */
		3D534FE6220584B000594F6E /* Main.storyboard */ = {
			isa = PBXVariantGroup;
			children = (
				3D534FE7220584B000594F6E /* Base */,
			);
			name = Main.storyboard;
			sourceTree = "<group>";
		};
		3D534FEB220584B200594F6E /* LaunchScreen.storyboard */ = {
			isa = PBXVariantGroup;
			children = (
				3D534FEC220584B200594F6E /* Base */,
			);
			name = LaunchScreen.storyboard;
			sourceTree = "<group>";
		};
/* End PBXVariantGroup section */

/* Begin XCBuildConfiguration section */
		3D534FF1220584B200594F6E /* Debug */ = {
			isa = XCBuildConfiguration;
			buildSettings = {
				ALWAYS_SEARCH_USER_PATHS = NO;
				CLANG_ANALYZER_NONNULL = YES;
				CLANG_ANALYZER_NUMBER_OBJECT_CONVERSION = YES_AGGRESSIVE;
				CLANG_CXX_LANGUAGE_STANDARD = "gnu++14";
				CLANG_CXX_LIBRARY = "libc++";
				CLANG_ENABLE_MODULES = YES;
				CLANG_ENABLE_OBJC_ARC = YES;
				CLANG_ENABLE_OBJC_WEAK = YES;
				CLANG_WARN_BLOCK_CAPTURE_AUTORELEASING = YES;
				CLANG_WARN_BOOL_CONVERSION = YES;
				CLANG_WARN_COMMA = YES;
				CLANG_WARN_CONSTANT_CONVERSION = YES;
				CLANG_WARN_DEPRECATED_OBJC_IMPLEMENTATIONS = YES;
				CLANG_WARN_DIRECT_OBJC_ISA_USAGE = YES_ERROR;
				CLANG_WARN_DOCUMENTATION_COMMENTS = YES;
				CLANG_WARN_EMPTY_BODY = YES;
				CLANG_WARN_ENUM_CONVERSION = YES;
				CLANG_WARN_INFINITE_RECURSION = YES;
				CLANG_WARN_INT_CONVERSION = YES;
				CLANG_WARN_NON_LITERAL_NULL_CONVERSION = YES;
				CLANG_WARN_OBJC_IMPLICIT_RETAIN_SELF = YES;
				CLANG_WARN_OBJC_LITERAL_CONVERSION = YES;
				CLANG_WARN_OBJC_ROOT_CLASS = YES_ERROR;
				CLANG_WARN_RANGE_LOOP_ANALYSIS = YES;
				CLANG_WARN_STRICT_PROTOTYPES = YES;
				CLANG_WARN_SUSPICIOUS_MOVE = YES;
				CLANG_WARN_UNGUARDED_AVAILABILITY = YES_AGGRESSIVE;
				CLANG_WARN_UNREACHABLE_CODE = YES;
				CLANG_WARN__DUPLICATE_METHOD_MATCH = YES;
				CODE_SIGN_IDENTITY = "iPhone Developer";
				COPY_PHASE_STRIP = NO;
				DEBUG_INFORMATION_FORMAT = dwarf;
				ENABLE_STRICT_OBJC_MSGSEND = YES;
				ENABLE_TESTABILITY = YES;
				GCC_C_LANGUAGE_STANDARD = gnu11;
				GCC_DYNAMIC_NO_PIC = NO;
				GCC_NO_COMMON_BLOCKS = YES;
				GCC_OPTIMIZATION_LEVEL = 0;
				GCC_PREPROCESSOR_DEFINITIONS = (
					"DEBUG=1",
					"$(inherited)",
				);
				GCC_WARN_64_TO_32_BIT_CONVERSION = YES;
				GCC_WARN_ABOUT_RETURN_TYPE = YES_ERROR;
				GCC_WARN_UNDECLARED_SELECTOR = YES;
				GCC_WARN_UNINITIALIZED_AUTOS = YES_AGGRESSIVE;
				GCC_WARN_UNUSED_FUNCTION = YES;
				GCC_WARN_UNUSED_VARIABLE = YES;
				IPHONEOS_DEPLOYMENT_TARGET = 12.1;
				MTL_ENABLE_DEBUG_INFO = INCLUDE_SOURCE;
				MTL_FAST_MATH = YES;
				ONLY_ACTIVE_ARCH = YES;
				SDKROOT = iphoneos;
			};
			name = Debug;
		};
		3D534FF2220584B200594F6E /* Release */ = {
			isa = XCBuildConfiguration;
			buildSettings = {
				ALWAYS_SEARCH_USER_PATHS = NO;
				CLANG_ANALYZER_NONNULL = YES;
				CLANG_ANALYZER_NUMBER_OBJECT_CONVERSION = YES_AGGRESSIVE;
				CLANG_CXX_LANGUAGE_STANDARD = "gnu++14";
				CLANG_CXX_LIBRARY = "libc++";
				CLANG_ENABLE_MODULES = YES;
				CLANG_ENABLE_OBJC_ARC = YES;
				CLANG_ENABLE_OBJC_WEAK = YES;
				CLANG_WARN_BLOCK_CAPTURE_AUTORELEASING = YES;
				CLANG_WARN_BOOL_CONVERSION = YES;
				CLANG_WARN_COMMA = YES;
				CLANG_WARN_CONSTANT_CONVERSION = YES;
				CLANG_WARN_DEPRECATED_OBJC_IMPLEMENTATIONS = YES;
				CLANG_WARN_DIRECT_OBJC_ISA_USAGE = YES_ERROR;
				CLANG_WARN_DOCUMENTATION_COMMENTS = YES;
				CLANG_WARN_EMPTY_BODY = YES;
				CLANG_WARN_ENUM_CONVERSION = YES;
				CLANG_WARN_INFINITE_RECURSION = YES;
				CLANG_WARN_INT_CONVERSION = YES;
				CLANG_WARN_NON_LITERAL_NULL_CONVERSION = YES;
				CLANG_WARN_OBJC_IMPLICIT_RETAIN_SELF = YES;
				CLANG_WARN_OBJC_LITERAL_CONVERSION = YES;
				CLANG_WARN_OBJC_ROOT_CLASS = YES_ERROR;
				CLANG_WARN_RANGE_LOOP_ANALYSIS = YES;
				CLANG_WARN_STRICT_PROTOTYPES = YES;
				CLANG_WARN_SUSPICIOUS_MOVE = YES;
				CLANG_WARN_UNGUARDED_AVAILABILITY = YES_AGGRESSIVE;
				CLANG_WARN_UNREACHABLE_CODE = YES;
				CLANG_WARN__DUPLICATE_METHOD_MATCH = YES;
				CODE_SIGN_IDENTITY = "iPhone Developer";
				COPY_PHASE_STRIP = NO;
				DEBUG_INFORMATION_FORMAT = "dwarf-with-dsym";
				ENABLE_NS_ASSERTIONS = NO;
				ENABLE_STRICT_OBJC_MSGSEND = YES;
				GCC_C_LANGUAGE_STANDARD = gnu11;
				GCC_NO_COMMON_BLOCKS = YES;
				GCC_WARN_64_TO_32_BIT_CONVERSION = YES;
				GCC_WARN_ABOUT_RETURN_TYPE = YES_ERROR;
				GCC_WARN_UNDECLARED_SELECTOR = YES;
				GCC_WARN_UNINITIALIZED_AUTOS = YES_AGGRESSIVE;
				GCC_WARN_UNUSED_FUNCTION = YES;
				GCC_WARN_UNUSED_VARIABLE = YES;
				IPHONEOS_DEPLOYMENT_TARGET = 12.1;
				MTL_ENABLE_DEBUG_INFO = NO;
				MTL_FAST_MATH = YES;
				SDKROOT = iphoneos;
				VALIDATE_PRODUCT = YES;
			};
			name = Release;
		};
		3D534FF4220584B200594F6E /* Debug */ = {
			isa = XCBuildConfiguration;
			baseConfigurationReference = C75C5ACDAA072B438F12CA3B /* Pods-Bajie.debug.xcconfig */;
			buildSettings = {
				ASSETCATALOG_COMPILER_APPICON_NAME = AppIcon;
				CODE_SIGN_STYLE = Automatic;
				DEVELOPMENT_TEAM = R3K6235STN;
				INFOPLIST_FILE = Bajie/Info.plist;
				LD_RUNPATH_SEARCH_PATHS = (
					"$(inherited)",
					"@executable_path/Frameworks",
				);
				PRODUCT_BUNDLE_IDENTIFIER = Ebola.Bajie;
				PRODUCT_NAME = "$(TARGET_NAME)";
				TARGETED_DEVICE_FAMILY = "1,2";
			};
			name = Debug;
		};
		3D534FF5220584B200594F6E /* Release */ = {
			isa = XCBuildConfiguration;
			baseConfigurationReference = 4DD2E4A7F8E03376FE5517B1 /* Pods-Bajie.release.xcconfig */;
			buildSettings = {
				ASSETCATALOG_COMPILER_APPICON_NAME = AppIcon;
				CODE_SIGN_STYLE = Automatic;
				DEVELOPMENT_TEAM = R3K6235STN;
				INFOPLIST_FILE = Bajie/Info.plist;
				LD_RUNPATH_SEARCH_PATHS = (
					"$(inherited)",
					"@executable_path/Frameworks",
				);
				PRODUCT_BUNDLE_IDENTIFIER = Ebola.Bajie;
				PRODUCT_NAME = "$(TARGET_NAME)";
				TARGETED_DEVICE_FAMILY = "1,2";
			};
			name = Release;
		};
/* End XCBuildConfiguration section */

/* Begin XCConfigurationList section */
		3D534FD8220584B000594F6E /* Build configuration list for PBXProject "Bajie" */ = {
			isa = XCConfigurationList;
			buildConfigurations = (
				3D534FF1220584B200594F6E /* Debug */,
				3D534FF2220584B200594F6E /* Release */,
			);
			defaultConfigurationIsVisible = 0;
			defaultConfigurationName = Release;
		};
		3D534FF3220584B200594F6E /* Build configuration list for PBXNativeTarget "Bajie" */ = {
			isa = XCConfigurationList;
			buildConfigurations = (
				3D534FF4220584B200594F6E /* Debug */,
				3D534FF5220584B200594F6E /* Release */,
			);
			defaultConfigurationIsVisible = 0;
			defaultConfigurationName = Release;
		};
/* End XCConfigurationList section */
	};
	rootObject = 3D534FD5220584B000594F6E /* Project object */;
}
